// !$*UTF8*$!
{
	archiveVersion = 1;
	classes = {
	};
	objectVersion = 56;
	objects = {

/* Begin PBXBuildFile section */
		C558A8CE29E82FBC001415CE /* FirebaseSwiftUIAuthApp.swift in Sources */ = {isa = PBXBuildFile; fileRef = C558A8CD29E82FBC001415CE /* FirebaseSwiftUIAuthApp.swift */; };
		C558A8D229E82FBE001415CE /* Assets.xcassets in Resources */ = {isa = PBXBuildFile; fileRef = C558A8D129E82FBE001415CE /* Assets.xcassets */; };
		C558A8D529E82FBE001415CE /* Preview Assets.xcassets in Resources */ = {isa = PBXBuildFile; fileRef = C558A8D429E82FBE001415CE /* Preview Assets.xcassets */; };
		C558A8E229E8343E001415CE /* FirebaseAuth in Frameworks */ = {isa = PBXBuildFile; productRef = C558A8E129E8343E001415CE /* FirebaseAuth */; };
		C558A8E429E8343E001415CE /* FirebaseDatabase in Frameworks */ = {isa = PBXBuildFile; productRef = C558A8E329E8343E001415CE /* FirebaseDatabase */; };
		C558A8E629E8354C001415CE /* GoogleService-Info.plist in Resources */ = {isa = PBXBuildFile; fileRef = C558A8E529E8354C001415CE /* GoogleService-Info.plist */; };
		C558A8EB29E83C15001415CE /* LoginView.swift in Sources */ = {isa = PBXBuildFile; fileRef = C558A8EA29E83C15001415CE /* LoginView.swift */; };
		C558A8EF29E83DC6001415CE /* InputTextFieldView.swift in Sources */ = {isa = PBXBuildFile; fileRef = C558A8EE29E83DC6001415CE /* InputTextFieldView.swift */; };
		C558A8F529E8E04F001415CE /* PreviewLayoutComponentModifier.swift in Sources */ = {isa = PBXBuildFile; fileRef = C558A8F429E8E04F001415CE /* PreviewLayoutComponentModifier.swift */; };
		C5F32D0129EC2AB40041773D /* InputPasswordView.swift in Sources */ = {isa = PBXBuildFile; fileRef = C5F32D0029EC2AB40041773D /* InputPasswordView.swift */; };
		C5F32D0329EC2E580041773D /* ButtonView.swift in Sources */ = {isa = PBXBuildFile; fileRef = C5F32D0229EC2E580041773D /* ButtonView.swift */; };
		C5F32D0729EC366C0041773D /* RegisterView.swift in Sources */ = {isa = PBXBuildFile; fileRef = C5F32D0629EC366C0041773D /* RegisterView.swift */; };
/* End PBXBuildFile section */

/* Begin PBXFileReference section */
		C558A8CA29E82FBC001415CE /* FirebaseSwiftUIAuth.app */ = {isa = PBXFileReference; explicitFileType = wrapper.application; includeInIndex = 0; path = FirebaseSwiftUIAuth.app; sourceTree = BUILT_PRODUCTS_DIR; };
		C558A8CD29E82FBC001415CE /* FirebaseSwiftUIAuthApp.swift */ = {isa = PBXFileReference; lastKnownFileType = sourcecode.swift; path = FirebaseSwiftUIAuthApp.swift; sourceTree = "<group>"; };
		C558A8D129E82FBE001415CE /* Assets.xcassets */ = {isa = PBXFileReference; lastKnownFileType = folder.assetcatalog; path = Assets.xcassets; sourceTree = "<group>"; };
		C558A8D429E82FBE001415CE /* Preview Assets.xcassets */ = {isa = PBXFileReference; lastKnownFileType = folder.assetcatalog; path = "Preview Assets.xcassets"; sourceTree = "<group>"; };
		C558A8E529E8354C001415CE /* GoogleService-Info.plist */ = {isa = PBXFileReference; fileEncoding = 4; lastKnownFileType = text.plist.xml; path = "GoogleService-Info.plist"; sourceTree = "<group>"; };
		C558A8EA29E83C15001415CE /* LoginView.swift */ = {isa = PBXFileReference; lastKnownFileType = sourcecode.swift; path = LoginView.swift; sourceTree = "<group>"; };
		C558A8EE29E83DC6001415CE /* InputTextFieldView.swift */ = {isa = PBXFileReference; lastKnownFileType = sourcecode.swift; path = InputTextFieldView.swift; sourceTree = "<group>"; };
		C558A8F429E8E04F001415CE /* PreviewLayoutComponentModifier.swift */ = {isa = PBXFileReference; lastKnownFileType = sourcecode.swift; path = PreviewLayoutComponentModifier.swift; sourceTree = "<group>"; };
		C5F32D0029EC2AB40041773D /* InputPasswordView.swift */ = {isa = PBXFileReference; lastKnownFileType = sourcecode.swift; path = InputPasswordView.swift; sourceTree = "<group>"; };
		C5F32D0229EC2E580041773D /* ButtonView.swift */ = {isa = PBXFileReference; lastKnownFileType = sourcecode.swift; path = ButtonView.swift; sourceTree = "<group>"; };
		C5F32D0629EC366C0041773D /* RegisterView.swift */ = {isa = PBXFileReference; lastKnownFileType = sourcecode.swift; path = RegisterView.swift; sourceTree = "<group>"; };
/* End PBXFileReference section */

/* Begin PBXFrameworksBuildPhase section */
		C558A8C729E82FBC001415CE /* Frameworks */ = {
			isa = PBXFrameworksBuildPhase;
			buildActionMask = 2147483647;
			files = (
				C558A8E429E8343E001415CE /* FirebaseDatabase in Frameworks */,
				C558A8E229E8343E001415CE /* FirebaseAuth in Frameworks */,
			);
			runOnlyForDeploymentPostprocessing = 0;
		};
/* End PBXFrameworksBuildPhase section */

/* Begin PBXGroup section */
		C558A8C129E82FBC001415CE = {
			isa = PBXGroup;
			children = (
				C558A8CC29E82FBC001415CE /* FirebaseSwiftUIAuth */,
				C558A8CB29E82FBC001415CE /* Products */,
			);
			sourceTree = "<group>";
		};
		C558A8CB29E82FBC001415CE /* Products */ = {
			isa = PBXGroup;
			children = (
				C558A8CA29E82FBC001415CE /* FirebaseSwiftUIAuth.app */,
			);
			name = Products;
			sourceTree = "<group>";
		};
		C558A8CC29E82FBC001415CE /* FirebaseSwiftUIAuth */ = {
			isa = PBXGroup;
			children = (
				C558A8EC29E83D6E001415CE /* Base */,
				C558A8E729E83B92001415CE /* Feature */,
				C558A8CD29E82FBC001415CE /* FirebaseSwiftUIAuthApp.swift */,
				C558A8D129E82FBE001415CE /* Assets.xcassets */,
				C558A8D329E82FBE001415CE /* Preview Content */,
				C558A8E529E8354C001415CE /* GoogleService-Info.plist */,
			);
			path = FirebaseSwiftUIAuth;
			sourceTree = "<group>";
		};
		C558A8D329E82FBE001415CE /* Preview Content */ = {
			isa = PBXGroup;
			children = (
				C558A8D429E82FBE001415CE /* Preview Assets.xcassets */,
			);
			path = "Preview Content";
			sourceTree = "<group>";
		};
		C558A8E729E83B92001415CE /* Feature */ = {
			isa = PBXGroup;
			children = (
				C5F32D0429EC36330041773D /* Register */,
				C558A8E829E83BA1001415CE /* Login */,
			);
			path = Feature;
			sourceTree = "<group>";
		};
		C558A8E829E83BA1001415CE /* Login */ = {
			isa = PBXGroup;
			children = (
				C558A8E929E83BAA001415CE /* View */,
			);
			path = Login;
			sourceTree = "<group>";
		};
		C558A8E929E83BAA001415CE /* View */ = {
			isa = PBXGroup;
			children = (
				C558A8EA29E83C15001415CE /* LoginView.swift */,
			);
			path = View;
			sourceTree = "<group>";
		};
		C558A8EC29E83D6E001415CE /* Base */ = {
			isa = PBXGroup;
			children = (
				C558A8F329E8E00E001415CE /* Modifier */,
				C558A8ED29E83D95001415CE /* Views */,
			);
			path = Base;
			sourceTree = "<group>";
		};
		C558A8ED29E83D95001415CE /* Views */ = {
			isa = PBXGroup;
			children = (
				C558A8EE29E83DC6001415CE /* InputTextFieldView.swift */,
				C5F32D0029EC2AB40041773D /* InputPasswordView.swift */,
				C5F32D0229EC2E580041773D /* ButtonView.swift */,
			);
			path = Views;
			sourceTree = "<group>";
		};
		C558A8F329E8E00E001415CE /* Modifier */ = {
			isa = PBXGroup;
			children = (
				C558A8F429E8E04F001415CE /* PreviewLayoutComponentModifier.swift */,
			);
			path = Modifier;
			sourceTree = "<group>";
		};
		C5F32D0429EC36330041773D /* Register */ = {
			isa = PBXGroup;
			children = (
				C5F32D0529EC364B0041773D /* View */,
			);
			path = Register;
			sourceTree = "<group>";
		};
		C5F32D0529EC364B0041773D /* View */ = {
			isa = PBXGroup;
			children = (
				C5F32D0629EC366C0041773D /* RegisterView.swift */,
			);
			path = View;
			sourceTree = "<group>";
		};
/* End PBXGroup section */

/* Begin PBXNativeTarget section */
		C558A8C929E82FBC001415CE /* FirebaseSwiftUIAuth */ = {
			isa = PBXNativeTarget;
			buildConfigurationList = C558A8D829E82FBE001415CE /* Build configuration list for PBXNativeTarget "FirebaseSwiftUIAuth" */;
			buildPhases = (
				C558A8C629E82FBC001415CE /* Sources */,
				C558A8C729E82FBC001415CE /* Frameworks */,
				C558A8C829E82FBC001415CE /* Resources */,
			);
			buildRules = (
			);
			dependencies = (
			);
			name = FirebaseSwiftUIAuth;
			packageProductDependencies = (
				C558A8E129E8343E001415CE /* FirebaseAuth */,
				C558A8E329E8343E001415CE /* FirebaseDatabase */,
			);
			productName = FirebaseSwiftUIAuth;
			productReference = C558A8CA29E82FBC001415CE /* FirebaseSwiftUIAuth.app */;
			productType = "com.apple.product-type.application";
		};
/* End PBXNativeTarget section */

/* Begin PBXProject section */
		C558A8C229E82FBC001415CE /* Project object */ = {
			isa = PBXProject;
			attributes = {
				BuildIndependentTargetsInParallel = 1;
				LastSwiftUpdateCheck = 1420;
				LastUpgradeCheck = 1420;
				TargetAttributes = {
					C558A8C929E82FBC001415CE = {
						CreatedOnToolsVersion = 14.2;
					};
				};
			};
			buildConfigurationList = C558A8C529E82FBC001415CE /* Build configuration list for PBXProject "FirebaseSwiftUIAuth" */;
			compatibilityVersion = "Xcode 14.0";
			developmentRegion = en;
			hasScannedForEncodings = 0;
			knownRegions = (
				en,
				Base,
			);
			mainGroup = C558A8C129E82FBC001415CE;
			packageReferences = (
				C558A8E029E8343E001415CE /* XCRemoteSwiftPackageReference "firebase-ios-sdk" */,
			);
			productRefGroup = C558A8CB29E82FBC001415CE /* Products */;
			projectDirPath = "";
			projectRoot = "";
			targets = (
				C558A8C929E82FBC001415CE /* FirebaseSwiftUIAuth */,
			);
		};
/* End PBXProject section */

/* Begin PBXResourcesBuildPhase section */
		C558A8C829E82FBC001415CE /* Resources */ = {
			isa = PBXResourcesBuildPhase;
			buildActionMask = 2147483647;
			files = (
				C558A8D529E82FBE001415CE /* Preview Assets.xcassets in Resources */,
				C558A8D229E82FBE001415CE /* Assets.xcassets in Resources */,
				C558A8E629E8354C001415CE /* GoogleService-Info.plist in Resources */,
			);
			runOnlyForDeploymentPostprocessing = 0;
		};
/* End PBXResourcesBuildPhase section */

/* Begin PBXSourcesBuildPhase section */
		C558A8C629E82FBC001415CE /* Sources */ = {
			isa = PBXSourcesBuildPhase;
			buildActionMask = 2147483647;
			files = (
				C5F32D0129EC2AB40041773D /* InputPasswordView.swift in Sources */,
				C558A8EB29E83C15001415CE /* LoginView.swift in Sources */,
				C558A8F529E8E04F001415CE /* PreviewLayoutComponentModifier.swift in Sources */,
				C5F32D0729EC366C0041773D /* RegisterView.swift in Sources */,
				C558A8CE29E82FBC001415CE /* FirebaseSwiftUIAuthApp.swift in Sources */,
				C5F32D0329EC2E580041773D /* ButtonView.swift in Sources */,
				C558A8EF29E83DC6001415CE /* InputTextFieldView.swift in Sources */,
			);
			runOnlyForDeploymentPostprocessing = 0;
		};
/* End PBXSourcesBuildPhase section */

/* Begin XCBuildConfiguration section */
		C558A8D629E82FBE001415CE /* Debug */ = {
			isa = XCBuildConfiguration;
			buildSettings = {
				ALWAYS_SEARCH_USER_PATHS = NO;
				CLANG_ANALYZER_NONNULL = YES;
				CLANG_ANALYZER_NUMBER_OBJECT_CONVERSION = YES_AGGRESSIVE;
				CLANG_CXX_LANGUAGE_STANDARD = "gnu++20";
				CLANG_ENABLE_MODULES = YES;
				CLANG_ENABLE_OBJC_ARC = YES;
				CLANG_ENABLE_OBJC_WEAK = YES;
				CLANG_WARN_BLOCK_CAPTURE_AUTORELEASING = YES;
				CLANG_WARN_BOOL_CONVERSION = YES;
				CLANG_WARN_COMMA = YES;
				CLANG_WARN_CONSTANT_CONVERSION = YES;
				CLANG_WARN_DEPRECATED_OBJC_IMPLEMENTATIONS = YES;
				CLANG_WARN_DIRECT_OBJC_ISA_USAGE = YES_ERROR;
				CLANG_WARN_DOCUMENTATION_COMMENTS = YES;
				CLANG_WARN_EMPTY_BODY = YES;
				CLANG_WARN_ENUM_CONVERSION = YES;
				CLANG_WARN_INFINITE_RECURSION = YES;
				CLANG_WARN_INT_CONVERSION = YES;
				CLANG_WARN_NON_LITERAL_NULL_CONVERSION = YES;
				CLANG_WARN_OBJC_IMPLICIT_RETAIN_SELF = YES;
				CLANG_WARN_OBJC_LITERAL_CONVERSION = YES;
				CLANG_WARN_OBJC_ROOT_CLASS = YES_ERROR;
				CLANG_WARN_QUOTED_INCLUDE_IN_FRAMEWORK_HEADER = YES;
				CLANG_WARN_RANGE_LOOP_ANALYSIS = YES;
				CLANG_WARN_STRICT_PROTOTYPES = YES;
				CLANG_WARN_SUSPICIOUS_MOVE = YES;
				CLANG_WARN_UNGUARDED_AVAILABILITY = YES_AGGRESSIVE;
				CLANG_WARN_UNREACHABLE_CODE = YES;
				CLANG_WARN__DUPLICATE_METHOD_MATCH = YES;
				COPY_PHASE_STRIP = NO;
				DEBUG_INFORMATION_FORMAT = dwarf;
				ENABLE_STRICT_OBJC_MSGSEND = YES;
				ENABLE_TESTABILITY = YES;
				GCC_C_LANGUAGE_STANDARD = gnu11;
				GCC_DYNAMIC_NO_PIC = NO;
				GCC_NO_COMMON_BLOCKS = YES;
				GCC_OPTIMIZATION_LEVEL = 0;
				GCC_PREPROCESSOR_DEFINITIONS = (
					"DEBUG=1",
					"$(inherited)",
				);
				GCC_WARN_64_TO_32_BIT_CONVERSION = YES;
				GCC_WARN_ABOUT_RETURN_TYPE = YES_ERROR;
				GCC_WARN_UNDECLARED_SELECTOR = YES;
				GCC_WARN_UNINITIALIZED_AUTOS = YES_AGGRESSIVE;
				GCC_WARN_UNUSED_FUNCTION = YES;
				GCC_WARN_UNUSED_VARIABLE = YES;
				IPHONEOS_DEPLOYMENT_TARGET = 16.2;
				MTL_ENABLE_DEBUG_INFO = INCLUDE_SOURCE;
				MTL_FAST_MATH = YES;
				ONLY_ACTIVE_ARCH = YES;
				SDKROOT = iphoneos;
				SWIFT_ACTIVE_COMPILATION_CONDITIONS = DEBUG;
				SWIFT_OPTIMIZATION_LEVEL = "-Onone";
			};
			name = Debug;
		};
		C558A8D729E82FBE001415CE /* Release */ = {
			isa = XCBuildConfiguration;
			buildSettings = {
				ALWAYS_SEARCH_USER_PATHS = NO;
				CLANG_ANALYZER_NONNULL = YES;
				CLANG_ANALYZER_NUMBER_OBJECT_CONVERSION = YES_AGGRESSIVE;
				CLANG_CXX_LANGUAGE_STANDARD = "gnu++20";
				CLANG_ENABLE_MODULES = YES;
				CLANG_ENABLE_OBJC_ARC = YES;
				CLANG_ENABLE_OBJC_WEAK = YES;
				CLANG_WARN_BLOCK_CAPTURE_AUTORELEASING = YES;
				CLANG_WARN_BOOL_CONVERSION = YES;
				CLANG_WARN_COMMA = YES;
				CLANG_WARN_CONSTANT_CONVERSION = YES;
				CLANG_WARN_DEPRECATED_OBJC_IMPLEMENTATIONS = YES;
				CLANG_WARN_DIRECT_OBJC_ISA_USAGE = YES_ERROR;
				CLANG_WARN_DOCUMENTATION_COMMENTS = YES;
				CLANG_WARN_EMPTY_BODY = YES;
				CLANG_WARN_ENUM_CONVERSION = YES;
				CLANG_WARN_INFINITE_RECURSION = YES;
				CLANG_WARN_INT_CONVERSION = YES;
				CLANG_WARN_NON_LITERAL_NULL_CONVERSION = YES;
				CLANG_WARN_OBJC_IMPLICIT_RETAIN_SELF = YES;
				CLANG_WARN_OBJC_LITERAL_CONVERSION = YES;
				CLANG_WARN_OBJC_ROOT_CLASS = YES_ERROR;
				CLANG_WARN_QUOTED_INCLUDE_IN_FRAMEWORK_HEADER = YES;
				CLANG_WARN_RANGE_LOOP_ANALYSIS = YES;
				CLANG_WARN_STRICT_PROTOTYPES = YES;
				CLANG_WARN_SUSPICIOUS_MOVE = YES;
				CLANG_WARN_UNGUARDED_AVAILABILITY = YES_AGGRESSIVE;
				CLANG_WARN_UNREACHABLE_CODE = YES;
				CLANG_WARN__DUPLICATE_METHOD_MATCH = YES;
				COPY_PHASE_STRIP = NO;
				DEBUG_INFORMATION_FORMAT = "dwarf-with-dsym";
				ENABLE_NS_ASSERTIONS = NO;
				ENABLE_STRICT_OBJC_MSGSEND = YES;
				GCC_C_LANGUAGE_STANDARD = gnu11;
				GCC_NO_COMMON_BLOCKS = YES;
				GCC_WARN_64_TO_32_BIT_CONVERSION = YES;
				GCC_WARN_ABOUT_RETURN_TYPE = YES_ERROR;
				GCC_WARN_UNDECLARED_SELECTOR = YES;
				GCC_WARN_UNINITIALIZED_AUTOS = YES_AGGRESSIVE;
				GCC_WARN_UNUSED_FUNCTION = YES;
				GCC_WARN_UNUSED_VARIABLE = YES;
				IPHONEOS_DEPLOYMENT_TARGET = 16.2;
				MTL_ENABLE_DEBUG_INFO = NO;
				MTL_FAST_MATH = YES;
				SDKROOT = iphoneos;
				SWIFT_COMPILATION_MODE = wholemodule;
				SWIFT_OPTIMIZATION_LEVEL = "-O";
				VALIDATE_PRODUCT = YES;
			};
			name = Release;
		};
		C558A8D929E82FBE001415CE /* Debug */ = {
			isa = XCBuildConfiguration;
			buildSettings = {
				ASSETCATALOG_COMPILER_APPICON_NAME = AppIcon;
				ASSETCATALOG_COMPILER_GLOBAL_ACCENT_COLOR_NAME = AccentColor;
				CODE_SIGN_STYLE = Automatic;
				CURRENT_PROJECT_VERSION = 1;
				DEVELOPMENT_ASSET_PATHS = "\"FirebaseSwiftUIAuth/Preview Content\"";
				DEVELOPMENT_TEAM = 5CDGW4297F;
				ENABLE_PREVIEWS = YES;
				GENERATE_INFOPLIST_FILE = YES;
				INFOPLIST_KEY_UIApplicationSceneManifest_Generation = YES;
				INFOPLIST_KEY_UIApplicationSupportsIndirectInputEvents = YES;
				INFOPLIST_KEY_UILaunchScreen_Generation = YES;
				INFOPLIST_KEY_UISupportedInterfaceOrientations_iPad = "UIInterfaceOrientationPortrait UIInterfaceOrientationPortraitUpsideDown UIInterfaceOrientationLandscapeLeft UIInterfaceOrientationLandscapeRight";
				INFOPLIST_KEY_UISupportedInterfaceOrientations_iPhone = "UIInterfaceOrientationPortrait UIInterfaceOrientationLandscapeLeft UIInterfaceOrientationLandscapeRight";
				LD_RUNPATH_SEARCH_PATHS = (
					"$(inherited)",
					"@executable_path/Frameworks",
				);
				MARKETING_VERSION = 1.0;
				PRODUCT_BUNDLE_IDENTIFIER = com.matthewdolan.FirebaseSwiftUIAuth;
				PRODUCT_NAME = "$(TARGET_NAME)";
				SWIFT_EMIT_LOC_STRINGS = YES;
				SWIFT_VERSION = 5.0;
				TARGETED_DEVICE_FAMILY = "1,2";
			};
			name = Debug;
		};
		C558A8DA29E82FBE001415CE /* Release */ = {
			isa = XCBuildConfiguration;
			buildSettings = {
				ASSETCATALOG_COMPILER_APPICON_NAME = AppIcon;
				ASSETCATALOG_COMPILER_GLOBAL_ACCENT_COLOR_NAME = AccentColor;
				CODE_SIGN_STYLE = Automatic;
				CURRENT_PROJECT_VERSION = 1;
				DEVELOPMENT_ASSET_PATHS = "\"FirebaseSwiftUIAuth/Preview Content\"";
				DEVELOPMENT_TEAM = 5CDGW4297F;
				ENABLE_PREVIEWS = YES;
				GENERATE_INFOPLIST_FILE = YES;
				INFOPLIST_KEY_UIApplicationSceneManifest_Generation = YES;
				INFOPLIST_KEY_UIApplicationSupportsIndirectInputEvents = YES;
				INFOPLIST_KEY_UILaunchScreen_Generation = YES;
				INFOPLIST_KEY_UISupportedInterfaceOrientations_iPad = "UIInterfaceOrientationPortrait UIInterfaceOrientationPortraitUpsideDown UIInterfaceOrientationLandscapeLeft UIInterfaceOrientationLandscapeRight";
				INFOPLIST_KEY_UISupportedInterfaceOrientations_iPhone = "UIInterfaceOrientationPortrait UIInterfaceOrientationLandscapeLeft UIInterfaceOrientationLandscapeRight";
				LD_RUNPATH_SEARCH_PATHS = (
					"$(inherited)",
					"@executable_path/Frameworks",
				);
				MARKETING_VERSION = 1.0;
				PRODUCT_BUNDLE_IDENTIFIER = com.matthewdolan.FirebaseSwiftUIAuth;
				PRODUCT_NAME = "$(TARGET_NAME)";
				SWIFT_EMIT_LOC_STRINGS = YES;
				SWIFT_VERSION = 5.0;
				TARGETED_DEVICE_FAMILY = "1,2";
			};
			name = Release;
		};
/* End XCBuildConfiguration section */

/* Begin XCConfigurationList section */
		C558A8C529E82FBC001415CE /* Build configuration list for PBXProject "FirebaseSwiftUIAuth" */ = {
			isa = XCConfigurationList;
			buildConfigurations = (
				C558A8D629E82FBE001415CE /* Debug */,
				C558A8D729E82FBE001415CE /* Release */,
			);
			defaultConfigurationIsVisible = 0;
			defaultConfigurationName = Release;
		};
		C558A8D829E82FBE001415CE /* Build configuration list for PBXNativeTarget "FirebaseSwiftUIAuth" */ = {
			isa = XCConfigurationList;
			buildConfigurations = (
				C558A8D929E82FBE001415CE /* Debug */,
				C558A8DA29E82FBE001415CE /* Release */,
			);
			defaultConfigurationIsVisible = 0;
			defaultConfigurationName = Release;
		};
/* End XCConfigurationList section */

/* Begin XCRemoteSwiftPackageReference section */
		C558A8E029E8343E001415CE /* XCRemoteSwiftPackageReference "firebase-ios-sdk" */ = {
			isa = XCRemoteSwiftPackageReference;
			repositoryURL = "https://github.com/firebase/firebase-ios-sdk.git";
			requirement = {
				kind = upToNextMajorVersion;
				minimumVersion = 9.0.0;
			};
		};
/* End XCRemoteSwiftPackageReference section */

/* Begin XCSwiftPackageProductDependency section */
		C558A8E129E8343E001415CE /* FirebaseAuth */ = {
			isa = XCSwiftPackageProductDependency;
			package = C558A8E029E8343E001415CE /* XCRemoteSwiftPackageReference "firebase-ios-sdk" */;
			productName = FirebaseAuth;
		};
		C558A8E329E8343E001415CE /* FirebaseDatabase */ = {
			isa = XCSwiftPackageProductDependency;
			package = C558A8E029E8343E001415CE /* XCRemoteSwiftPackageReference "firebase-ios-sdk" */;
			productName = FirebaseDatabase;
		};
/* End XCSwiftPackageProductDependency section */
	};
	rootObject = C558A8C229E82FBC001415CE /* Project object */;
}
